%{
  "observer_cli": {:hex, :observer_cli, "1.5.2", "6e93437f74a99708068a32b767b02432d113896275421409e3018d989236a65a", [:mix, :rebar3], [{:recon, "~>2.5.0", [hex: :recon, repo: "hexpm", optional: false]}], "hexpm"},
  "recon": {:hex, :recon, "2.5.0", "2f7fcbec2c35034bade2f9717f77059dc54eb4e929a3049ca7ba6775c0bd66cd", [:mix, :rebar3], [], "hexpm"},
}
